Microsoft Visual Studio Solution File, Format Version 12.00
# Visual Studio Version 17
VisualStudioVersion = 17.5.2.0
MinimumVisualStudioVersion = 10.0.40219.1
Project("{FAE04EC0-301F-11D3-BF4B-00C04F79EFBC}") = "my-dotnet-webapi-app", "src\my-dotnet-webapi-app.csproj", "{EBBABBFE-B81B-1C65-988D-F919C1D70F0A}"
EndProject
Project("{FAE04EC0-301F-11D3-BF4B-00C04F79EFBC}") = "my-dotnet-webapi-app.Tests", "tests\my-dotnet-webapi-app.Tests.csproj", "{92EB3B86-52F7-650D-62DF-48EF1DF750A7}"
EndProject
Global
	GlobalSection(SolutionConfigurationPlatforms) = preSolution
		Debug|Any CPU = Debug|Any CPU
		Release|Any CPU = Release|Any CPU
	EndGlobalSection
	GlobalSection(ProjectConfigurationPlatforms) = postSolution
		{EBBABBFE-B81B-1C65-988D-F919C1D70F0A}.Debug|Any CPU.ActiveCfg = Debug|Any CPU
		{EBBABBFE-B81B-1C65-988D-F919C1D70F0A}.Debug|Any CPU.Build.0 = Debug|Any CPU
		{EBBABBFE-B81B-1C65-988D-F919C1D70F0A}.Release|Any CPU.ActiveCfg = Release|Any CPU
		{EBBABBFE-B81B-1C65-988D-F919C1D70F0A}.Release|Any CPU.Build.0 = Release|Any CPU
		{92EB3B86-52F7-650D-62DF-48EF1DF750A7}.Debug|Any CPU.ActiveCfg = Debug|Any CPU
		{92EB3B86-52F7-650D-62DF-48EF1DF750A7}.Debug|Any CPU.Build.0 = Debug|Any CPU
		{92EB3B86-52F7-650D-62DF-48EF1DF750A7}.Release|Any CPU.ActiveCfg = Release|Any CPU
		{92EB3B86-52F7-650D-62DF-48EF1DF750A7}.Release|Any CPU.Build.0 = Release|Any CPU
	EndGlobalSection
	GlobalSection(SolutionProperties) = preSolution
		HideSolutionNode = FALSE
	EndGlobalSection
	GlobalSection(ExtensibilityGlobals) = postSolution
		SolutionGuid = {6535DADD-E929-4778-A03B-9A3EFECC3031}
	EndGlobalSection
EndGlobal
